# THIS IS AN AUTOGENERATED FILE. DO NOT EDIT THIS FILE DIRECTLY.
# yarn lockfile v1


"@coinbase/cbpay-js@^2.4.0":
  version "2.4.0"
  resolved "https://registry.npmjs.org/@coinbase/cbpay-js/-/cbpay-js-2.4.0.tgz"
  integrity sha512-7Zy1P6v5CTaBuFYowFmvKJ4KyBngVjsPpLkjSi4DWJhVHMgLIkDUINSloRU0Idgt2rFA/PLIm2gXneR3OoQbrA==

"@vercel/analytics@^1.5.0":
  version "1.5.0"
  resolved "https://registry.npmjs.org/@vercel/analytics/-/analytics-1.5.0.tgz"
  integrity sha512-MYsBzfPki4gthY5HnYN7jgInhAZ7Ac1cYDoRWFomwGHWEX7odTEzbtg9kf/QSo7XEsEAqlQugA6gJ2WS2DEa3g==
