# THIS IS AN AUTOGENERATED FILE. DO NOT EDIT THIS FILE DIRECTLY.
# yarn lockfile v1


"@bundled-es-modules/cookie@^2.0.0":
  version "2.0.0"
  resolved "https://registry.yarnpkg.com/@bundled-es-modules/cookie/-/cookie-2.0.0.tgz#c3b82703969a61cf6a46e959a012b2c257f6b164"
  integrity sha512-Or6YHg/kamKHpxULAdSqhGqnWFneIXu1NKvvfBBzKGwpVsYuFIQ5aBPHDnnoR3ghW1nvSkALd+EF9iMtY7Vjxw==
  dependencies:
    cookie "^0.5.0"

"@bundled-es-modules/statuses@^1.0.1":
  version "1.0.1"
  resolved "https://registry.yarnpkg.com/@bundled-es-modules/statuses/-/statuses-1.0.1.tgz#761d10f44e51a94902c4da48675b71a76cc98872"
  integrity sha512-yn7BklA5acgcBr+7w064fGV+SGIFySjCKpqjcWgBAIfrAkY+4GQTJJHQMeT3V/sgz23VTEVV8TtOmkvJAhFVfg==
  dependencies:
    statuses "^2.0.1"

"@gradio/client@^1.2.0":
  version "1.3.0"
  resolved "https://registry.yarnpkg.com/@gradio/client/-/client-1.3.0.tgz#16bad43127ac09b8230645f45ef534e2786e3577"
  integrity sha512-hy7brBNQGmJLUQ69gOMrcp4LGHAPknFy5Jl30EF0+VEBSjv8e3f7hPAq15QPJWY9SDDie7Mmg+epx7H+V1a8og==
  dependencies:
    "@types/eventsource" "^1.1.15"
    bufferutil "^4.0.7"
    eventsource "^2.0.2"
    fetch-event-stream "^0.1.5"
    msw "^2.2.1"
    semiver "^1.1.0"
    textlinestream "^1.1.1"
    typescript "^5.0.0"
    ws "^8.13.0"

"@graphql-typed-document-node/core@^3.2.0":
  version "3.2.0"
  resolved "https://registry.yarnpkg.com/@graphql-typed-document-node/core/-/core-3.2.0.tgz#5f3d96ec6b2354ad6d8a28bf216a1d97b5426861"
  integrity sha512-mB9oAsNCm9aM3/SOv4YtBMqZbYj10R7dkq8byBqxGY/ncFwhf2oQzMV+LCRlWoDSEBJ3COiR1yeDvMtsoOsuFQ==

"@hatsprotocol/sdk-v1-subgraph@^1.0.0":
  version "1.0.0"
  resolved "https://registry.yarnpkg.com/@hatsprotocol/sdk-v1-subgraph/-/sdk-v1-subgraph-1.0.0.tgz#efb483bfb265f1b94d0d22faf2a32738412ee302"
  integrity sha512-86c5oC18KCcaNCBBw+eemA09zmEyuh3xr4SflrOUDXuCdEQZ08M9WqgEe7tZNw2QURTGArwPVaCQ2j7bkMjdow==
  dependencies:
    graphql "^16.6.0"
    graphql-request "^6.1.0"
    zod "^3.22.4"

"@inquirer/confirm@^3.0.0":
  version "3.1.16"
  resolved "https://registry.yarnpkg.com/@inquirer/confirm/-/confirm-3.1.16.tgz#793561acb8cd907b5715920811c9fde66ff9a10c"
  integrity sha512-DXgLZim+YVTk05zRywvFRfJt2Jje7sZ4DO6Ss9RpGtgXEd/T0IiTqubHWst0IazCwdPI9g/06Rtm/nm4IBFJBA==
  dependencies:
    "@inquirer/core" "^9.0.4"
    "@inquirer/type" "^1.5.0"

"@inquirer/core@^9.0.4":
  version "9.0.4"
  resolved "https://registry.yarnpkg.com/@inquirer/core/-/core-9.0.4.tgz#0de0b5aadba012f691d2e0aef5c6ccdf9e9e8992"
  integrity sha512-46LaWACIctSfVKTu71ziFlqO8SVLhWGSxvaHpf0frfDTphSSpIfeNo5ZH/kJPHYJw4VgPGf/9c3zJN/FnCdaIQ==
  dependencies:
    "@inquirer/figures" "^1.0.4"
    "@inquirer/type" "^1.5.0"
    "@types/mute-stream" "^0.0.4"
    "@types/node" "^20.14.11"
    "@types/wrap-ansi" "^3.0.0"
    ansi-escapes "^4.3.2"
    cli-spinners "^2.9.2"
    cli-width "^4.1.0"
    mute-stream "^1.0.0"
    signal-exit "^4.1.0"
    strip-ansi "^6.0.1"
    wrap-ansi "^6.2.0"
    yoctocolors-cjs "^2.1.2"

"@inquirer/figures@^1.0.4":
  version "1.0.4"
  resolved "https://registry.yarnpkg.com/@inquirer/figures/-/figures-1.0.4.tgz#a54dab6e205636a881ece0f1017efff6d6174d6e"
  integrity sha512-R7Gsg6elpuqdn55fBH2y9oYzrU/yKrSmIsDX4ROT51vohrECFzTf2zw9BfUbOW8xjfmM2QbVoVYdTwhrtEKWSQ==

"@inquirer/type@^1.5.0":
  version "1.5.0"
  resolved "https://registry.yarnpkg.com/@inquirer/type/-/type-1.5.0.tgz#0890e6286281b3f118632e6f7c47c0ccb9b29ee3"
  integrity sha512-L/UdayX9Z1lLN+itoTKqJ/X4DX5DaWu2Sruwt4XgZzMNv32x4qllbzMX4MbJlz0yxAQtU19UvABGOjmdq1u3qA==
  dependencies:
    mute-stream "^1.0.0"

"@mswjs/cookies@^1.1.0":
  version "1.1.1"
  resolved "https://registry.yarnpkg.com/@mswjs/cookies/-/cookies-1.1.1.tgz#8b519e2bd8f1577c530beed44a25578eb9a6e72c"
  integrity sha512-W68qOHEjx1iD+4VjQudlx26CPIoxmIAtK4ZCexU0/UJBG6jYhcuyzKJx+Iw8uhBIGd9eba64XgWVgo20it1qwA==

"@mswjs/interceptors@^0.29.0":
  version "0.29.1"
  resolved "https://registry.yarnpkg.com/@mswjs/interceptors/-/interceptors-0.29.1.tgz#e77fc58b5188569041d0440b25c9e9ebb1ccd60a"
  integrity sha512-3rDakgJZ77+RiQUuSK69t1F0m8BQKA8Vh5DCS5V0DWvNY67zob2JhhQrhCO0AKLGINTRSFd1tBaHcJTkhefoSw==
  dependencies:
    "@open-draft/deferred-promise" "^2.2.0"
    "@open-draft/logger" "^0.3.0"
    "@open-draft/until" "^2.0.0"
    is-node-process "^1.2.0"
    outvariant "^1.2.1"
    strict-event-emitter "^0.5.1"

"@open-draft/deferred-promise@^2.2.0":
  version "2.2.0"
  resolved "https://registry.yarnpkg.com/@open-draft/deferred-promise/-/deferred-promise-2.2.0.tgz#4a822d10f6f0e316be4d67b4d4f8c9a124b073bd"
  integrity sha512-CecwLWx3rhxVQF6V4bAgPS5t+So2sTbPgAzafKkVizyi7tlwpcFpdFqq+wqF2OwNBmqFuu6tOyouTuxgpMfzmA==

"@open-draft/logger@^0.3.0":
  version "0.3.0"
  resolved "https://registry.yarnpkg.com/@open-draft/logger/-/logger-0.3.0.tgz#2b3ab1242b360aa0adb28b85f5d7da1c133a0954"
  integrity sha512-X2g45fzhxH238HKO4xbSr7+wBS8Fvw6ixhTDuvLd5mqh6bJJCFAPwU9mPDxbcrRtfxv4u5IHCEH77BmxvXmmxQ==
  dependencies:
    is-node-process "^1.2.0"
    outvariant "^1.4.0"

"@open-draft/until@^2.0.0", "@open-draft/until@^2.1.0":
  version "2.1.0"
  resolved "https://registry.yarnpkg.com/@open-draft/until/-/until-2.1.0.tgz#0acf32f470af2ceaf47f095cdecd40d68666efda"
  integrity sha512-U69T3ItWHvLwGg5eJ0n3I62nWuE6ilHlmz7zM0npLBRvPRd7e6NYmg54vvRtP5mZG7kZqZCFVdsTWo7BPtBujg==

"@types/cookie@^0.6.0":
  version "0.6.0"
  resolved "https://registry.yarnpkg.com/@types/cookie/-/cookie-0.6.0.tgz#eac397f28bf1d6ae0ae081363eca2f425bedf0d5"
  integrity sha512-4Kh9a6B2bQciAhf7FSuMRRkUWecJgJu9nPnx3yzpsfXX/c50REIqpHY4C82bXP90qrLtXtkDxTZosYO3UpOwlA==

"@types/eventsource@^1.1.15":
  version "1.1.15"
  resolved "https://registry.yarnpkg.com/@types/eventsource/-/eventsource-1.1.15.tgz#949383d3482e20557cbecbf3b038368d94b6be27"
  integrity sha512-XQmGcbnxUNa06HR3VBVkc9+A2Vpi9ZyLJcdS5dwaQQ/4ZMWFO+5c90FnMUpbtMZwB/FChoYHwuVg8TvkECacTA==

"@types/mute-stream@^0.0.4":
  version "0.0.4"
  resolved "https://registry.yarnpkg.com/@types/mute-stream/-/mute-stream-0.0.4.tgz#77208e56a08767af6c5e1237be8888e2f255c478"
  integrity sha512-CPM9nzrCPPJHQNA9keH9CVkVI+WR5kMa+7XEs5jcGQ0VoAGnLv242w8lIVgwAEfmE4oufJRaTc9PNLQl0ioAow==
  dependencies:
    "@types/node" "*"

"@types/node@*", "@types/node@^20.14.11":
  version "20.14.11"
  resolved "https://registry.yarnpkg.com/@types/node/-/node-20.14.11.tgz#09b300423343460455043ddd4d0ded6ac579b74b"
  integrity sha512-kprQpL8MMeszbz6ojB5/tU8PLN4kesnN8Gjzw349rDlNgsSzg90lAVj3llK99Dh7JON+t9AuscPPFW6mPbTnSA==
  dependencies:
    undici-types "~5.26.4"

"@types/statuses@^2.0.4":
  version "2.0.5"
  resolved "https://registry.yarnpkg.com/@types/statuses/-/statuses-2.0.5.tgz#f61ab46d5352fd73c863a1ea4e1cef3b0b51ae63"
  integrity sha512-jmIUGWrAiwu3dZpxntxieC+1n/5c3mjrImkmOSQ2NC5uP6cYO4aAZDdSmRcI5C1oiTmqlZGHC+/NmJrKogbP5A==

"@types/wrap-ansi@^3.0.0":
  version "3.0.0"
  resolved "https://registry.yarnpkg.com/@types/wrap-ansi/-/wrap-ansi-3.0.0.tgz#18b97a972f94f60a679fd5c796d96421b9abb9fd"
  integrity sha512-ltIpx+kM7g/MLRZfkbL7EsCEjfzCcScLpkg37eXEtx5kmrAKBkTJwd1GIAjDSL8wTpM6Hzn5YO4pSb91BEwu1g==

"@upstash/core-analytics@^0.0.10":
  version "0.0.10"
  resolved "https://registry.yarnpkg.com/@upstash/core-analytics/-/core-analytics-0.0.10.tgz#e686a313ec2279d5a8d53e6c215085f1c0f5ab4b"
  integrity sha512-7qJHGxpQgQr9/vmeS1PktEwvNAF7TI4iJDi8Pu2CFZ9YUGHZH4fOP5TfYlZ4aVxfopnELiE4BS4FBjyK7V1/xQ==
  dependencies:
    "@upstash/redis" "^1.28.3"

"@upstash/ratelimit@^2.0.1":
  version "2.0.1"
  resolved "https://registry.yarnpkg.com/@upstash/ratelimit/-/ratelimit-2.0.1.tgz#ff617e31f46755ab71b1a6b68ac8a8f86171d736"
  integrity sha512-J+0hlkvWUjlVrjcBQhWx7gbaUGsvFF59i+GAx7YQk8L0E0MQ93xzCPu02uaXhGDJGkxiar7nRRPqj3hs+CdAJg==
  dependencies:
    "@upstash/core-analytics" "^0.0.10"

"@upstash/redis@^1.28.3", "@upstash/redis@^1.31.3", "@upstash/redis@^1.33.0":
  version "1.33.0"
  resolved "https://registry.yarnpkg.com/@upstash/redis/-/redis-1.33.0.tgz#eefe14ea50136f2d14dda78cdc2e788230cd1683"
  integrity sha512-5WOilc7AE0ITAdE3NCyMwgOq1n3RHcqW0OfmbotiAyfA+QAEe1R7kXin8L/Yladgdc5lkA0GcYyewqKfAw53jQ==
  dependencies:
    crypto-js "^4.2.0"

"@vercel/kv@^2.0.0":
  version "2.0.0"
  resolved "https://registry.yarnpkg.com/@vercel/kv/-/kv-2.0.0.tgz#a0baa12563946cb35cee23d638b68f0fbbf76172"
  integrity sha512-zdVrhbzZBYo5d1Hfn4bKtqCeKf0FuzW8rSHauzQVMUgv1+1JOwof2mWcBuI+YMJy8s0G0oqAUfQ7HgUDzb8EbA==
  dependencies:
    "@upstash/redis" "^1.31.3"

ansi-escapes@^4.3.2:
  version "4.3.2"
  resolved "https://registry.yarnpkg.com/ansi-escapes/-/ansi-escapes-4.3.2.tgz#6b2291d1db7d98b6521d5f1efa42d0f3a9feb65e"
  integrity sha512-gKXj5ALrKWQLsYG9jlTRmR/xKluxHV+Z9QEwNIgCfM1/uwPMCuzVVnh5mwTd+OuBZcwSIMbqssNWRm1lE51QaQ==
  dependencies:
    type-fest "^0.21.3"

ansi-regex@^5.0.1:
  version "5.0.1"
  resolved "https://registry.yarnpkg.com/ansi-regex/-/ansi-regex-5.0.1.tgz#082cb2c89c9fe8659a311a53bd6a4dc5301db304"
  integrity sha512-quJQXlTSUGL2LH9SUXo8VwsY4soanhgo6LNSm84E1LBcE8s3O0wpdiRzyR9z/ZZJMlMWv37qOOb9pdJlMUEKFQ==

ansi-styles@^4.0.0, ansi-styles@^4.1.0:
  version "4.3.0"
  resolved "https://registry.yarnpkg.com/ansi-styles/-/ansi-styles-4.3.0.tgz#edd803628ae71c04c85ae7a0906edad34b648937"
  integrity sha512-zbB9rCJAT1rbjiVDb2hqKFHNYLxgtk8NURxZ3IZwD3F6NtxbXZQCnnSi1Lkx+IDohdPlFp222wVALIheZJQSEg==
  dependencies:
    color-convert "^2.0.1"

bufferutil@^4.0.7:
  version "4.0.8"
  resolved "https://registry.yarnpkg.com/bufferutil/-/bufferutil-4.0.8.tgz#1de6a71092d65d7766c4d8a522b261a6e787e8ea"
  integrity sha512-4T53u4PdgsXqKaIctwF8ifXlRTTmEPJ8iEPWFdGZvcf7sbwYo6FKFEX9eNNAnzFZ7EzJAQ3CJeOtCRA4rDp7Pw==
  dependencies:
    node-gyp-build "^4.3.0"

chalk@^4.1.2:
  version "4.1.2"
  resolved "https://registry.yarnpkg.com/chalk/-/chalk-4.1.2.tgz#aac4e2b7734a740867aeb16bf02aad556a1e7a01"
  integrity sha512-oKnbhFyRIXpUuez8iBMmyEa4nbj4IOQyuhc/wy9kY7/WVPcwIO9VA668Pu8RkO7+0G76SLROeyw9CpQ061i4mA==
  dependencies:
    ansi-styles "^4.1.0"
    supports-color "^7.1.0"

cli-spinners@^2.9.2:
  version "2.9.2"
  resolved "https://registry.yarnpkg.com/cli-spinners/-/cli-spinners-2.9.2.tgz#1773a8f4b9c4d6ac31563df53b3fc1d79462fe41"
  integrity sha512-ywqV+5MmyL4E7ybXgKys4DugZbX0FC6LnwrhjuykIjnK9k8OQacQ7axGKnjDXWNhns0xot3bZI5h55H8yo9cJg==

cli-width@^4.1.0:
  version "4.1.0"
  resolved "https://registry.yarnpkg.com/cli-width/-/cli-width-4.1.0.tgz#42daac41d3c254ef38ad8ac037672130173691c5"
  integrity sha512-ouuZd4/dm2Sw5Gmqy6bGyNNNe1qt9RpmxveLSO7KcgsTnU7RXfsw+/bukWGo1abgBiMAic068rclZsO4IWmmxQ==

cliui@^8.0.1:
  version "8.0.1"
  resolved "https://registry.yarnpkg.com/cliui/-/cliui-8.0.1.tgz#0c04b075db02cbfe60dc8e6cf2f5486b1a3608aa"
  integrity sha512-BSeNnyus75C4//NQ9gQt1/csTXyo/8Sb+afLAkzAptFuMsod9HFokGNudZpi/oQV73hnVK+sR+5PVRMd+Dr7YQ==
  dependencies:
    string-width "^4.2.0"
    strip-ansi "^6.0.1"
    wrap-ansi "^7.0.0"

color-convert@^2.0.1:
  version "2.0.1"
  resolved "https://registry.yarnpkg.com/color-convert/-/color-convert-2.0.1.tgz#72d3a68d598c9bdb3af2ad1e84f21d896abd4de3"
  integrity sha512-RRECPsj7iu/xb5oKYcsFHSppFNnsj/52OVTRKb4zP5onXwVF3zVmmToNcOfGC+CRDpfK/U584fMg38ZHCaElKQ==
  dependencies:
    color-name "~1.1.4"

color-name@~1.1.4:
  version "1.1.4"
  resolved "https://registry.yarnpkg.com/color-name/-/color-name-1.1.4.tgz#c2a09a87acbde69543de6f63fa3995c826c536a2"
  integrity sha512-dOy+3AuW3a2wNbZHIuMZpTcgjGuLU/uBL/ubcZF9OXbDo8ff4O8yVp5Bf0efS8uEoYo5q4Fx7dY9OgQGXgAsQA==

cookie@^0.5.0:
  version "0.5.0"
  resolved "https://registry.yarnpkg.com/cookie/-/cookie-0.5.0.tgz#d1f5d71adec6558c58f389987c366aa47e994f8b"
  integrity sha512-YZ3GUyn/o8gfKJlnlX7g7xq4gyO6OSuhGPKaaGssGB2qgDUS0gPgtTvoyZLTt9Ab6dC4hfc9dV5arkvc/OCmrw==

cross-fetch@^3.1.5:
  version "3.1.8"
  resolved "https://registry.yarnpkg.com/cross-fetch/-/cross-fetch-3.1.8.tgz#0327eba65fd68a7d119f8fb2bf9334a1a7956f82"
  integrity sha512-cvA+JwZoU0Xq+h6WkMvAUqPEYy92Obet6UdKLfW60qn99ftItKjB5T+BkyWOFWe2pUyfQ+IJHmpOTznqk1M6Kg==
  dependencies:
    node-fetch "^2.6.12"

crypto-js@^4.2.0:
  version "4.2.0"
  resolved "https://registry.yarnpkg.com/crypto-js/-/crypto-js-4.2.0.tgz#4d931639ecdfd12ff80e8186dba6af2c2e856631"
  integrity sha512-KALDyEYgpY+Rlob/iriUtjV6d5Eq+Y191A5g4UqLAi8CyGP9N1+FdVbkc1SxKc2r4YAYqG8JzO2KGL+AizD70Q==

emoji-regex@^8.0.0:
  version "8.0.0"
  resolved "https://registry.yarnpkg.com/emoji-regex/-/emoji-regex-8.0.0.tgz#e818fd69ce5ccfcb404594f842963bf53164cc37"
  integrity sha512-MSjYzcWNOA0ewAHpz0MxpYFvwg6yjy1NG3xteoqz644VCo/RPgnr1/GGt+ic3iJTzQ8Eu3TdM14SawnVUmGE6A==

escalade@^3.1.1:
  version "3.1.2"
  resolved "https://registry.yarnpkg.com/escalade/-/escalade-3.1.2.tgz#54076e9ab29ea5bf3d8f1ed62acffbb88272df27"
  integrity sha512-ErCHMCae19vR8vQGe50xIsVomy19rg6gFu3+r3jkEO46suLMWBksvVyoGgQV+jOfl84ZSOSlmv6Gxa89PmTGmA==

eventsource@^2.0.2:
  version "2.0.2"
  resolved "https://registry.yarnpkg.com/eventsource/-/eventsource-2.0.2.tgz#76dfcc02930fb2ff339520b6d290da573a9e8508"
  integrity sha512-IzUmBGPR3+oUG9dUeXynyNmf91/3zUSJg1lCktzKw47OXuhco54U3r9B7O4XX+Rb1Itm9OZ2b0RkTs10bICOxA==

fetch-event-stream@^0.1.5:
  version "0.1.5"
  resolved "https://registry.yarnpkg.com/fetch-event-stream/-/fetch-event-stream-0.1.5.tgz#ffc5a8f57a040e3eb78d9f990632c2a3fd253c02"
  integrity sha512-V1PWovkspxQfssq/NnxoEyQo1DV+MRK/laPuPblIZmSjMN8P5u46OhlFQznSr9p/t0Sp8Uc6SbM3yCMfr0KU8g==

get-caller-file@^2.0.5:
  version "2.0.5"
  resolved "https://registry.yarnpkg.com/get-caller-file/-/get-caller-file-2.0.5.tgz#4f94412a82db32f36e3b0b9741f8a97feb031f7e"
  integrity sha512-DyFP3BM/3YHTQOCUL/w0OZHR0lpKeGrxotcHWcqNEdnltqFwXVfhEBQ94eIo34AfQpo0rGki4cyIiftY06h2Fg==

graphql-request@^6.1.0:
  version "6.1.0"
  resolved "https://registry.yarnpkg.com/graphql-request/-/graphql-request-6.1.0.tgz#f4eb2107967af3c7a5907eb3131c671eac89be4f"
  integrity sha512-p+XPfS4q7aIpKVcgmnZKhMNqhltk20hfXtkaIkTfjjmiKMJ5xrt5c743cL03y/K7y1rg3WrIC49xGiEQ4mxdNw==
  dependencies:
    "@graphql-typed-document-node/core" "^3.2.0"
    cross-fetch "^3.1.5"

graphql@^16.6.0, graphql@^16.8.1:
  version "16.9.0"
  resolved "https://registry.yarnpkg.com/graphql/-/graphql-16.9.0.tgz#1c310e63f16a49ce1fbb230bd0a000e99f6f115f"
  integrity sha512-GGTKBX4SD7Wdb8mqeDLni2oaRGYQWjWHGKPQ24ZMnUtKfcsVoiv4uX8+LJr1K6U5VW2Lu1BwJnj7uiori0YtRw==

has-flag@^4.0.0:
  version "4.0.0"
  resolved "https://registry.yarnpkg.com/has-flag/-/has-flag-4.0.0.tgz#944771fd9c81c81265c4d6941860da06bb59479b"
  integrity sha512-EykJT/Q1KjTWctppgIAgfSO0tKVuZUjhgMr17kqTumMl6Afv3EISleU7qZUzoXDFTAHTDC4NOoG/ZxU3EvlMPQ==

headers-polyfill@^4.0.2:
  version "4.0.3"
  resolved "https://registry.yarnpkg.com/headers-polyfill/-/headers-polyfill-4.0.3.tgz#922a0155de30ecc1f785bcf04be77844ca95ad07"
  integrity sha512-IScLbePpkvO846sIwOtOTDjutRMWdXdJmXdMvk6gCBHxFO8d+QKOQedyZSxFTTFYRSmlgSTDtXqqq4pcenBXLQ==

is-fullwidth-code-point@^3.0.0:
  version "3.0.0"
  resolved "https://registry.yarnpkg.com/is-fullwidth-code-point/-/is-fullwidth-code-point-3.0.0.tgz#f116f8064fe90b3f7844a38997c0b75051269f1d"
  integrity sha512-zymm5+u+sCsSWyD9qNaejV3DFvhCKclKdizYaJUuHA83RLjb7nSuGnddCHGv0hk+KY7BMAlsWeK4Ueg6EV6XQg==

is-node-process@^1.2.0:
  version "1.2.0"
  resolved "https://registry.yarnpkg.com/is-node-process/-/is-node-process-1.2.0.tgz#ea02a1b90ddb3934a19aea414e88edef7e11d134"
  integrity sha512-Vg4o6/fqPxIjtxgUH5QLJhwZ7gW5diGCVlXpuUfELC62CuxM1iHcRe51f2W1FDy04Ai4KJkagKjx3XaqyfRKXw==

msw@^2.2.1:
  version "2.3.2"
  resolved "https://registry.yarnpkg.com/msw/-/msw-2.3.2.tgz#ea4f45b51f833fa3b2215c4093bcda28dbe25a83"
  integrity sha512-vDn6d6a50vxPE+HnaKQfpmZ4SVXlOjF97yD5FJcUT3v2/uZ65qvTYNL25yOmnrfCNWZ4wtAS7EbtXxygMug2Tw==
  dependencies:
    "@bundled-es-modules/cookie" "^2.0.0"
    "@bundled-es-modules/statuses" "^1.0.1"
    "@inquirer/confirm" "^3.0.0"
    "@mswjs/cookies" "^1.1.0"
    "@mswjs/interceptors" "^0.29.0"
    "@open-draft/until" "^2.1.0"
    "@types/cookie" "^0.6.0"
    "@types/statuses" "^2.0.4"
    chalk "^4.1.2"
    graphql "^16.8.1"
    headers-polyfill "^4.0.2"
    is-node-process "^1.2.0"
    outvariant "^1.4.2"
    path-to-regexp "^6.2.0"
    strict-event-emitter "^0.5.1"
    type-fest "^4.9.0"
    yargs "^17.7.2"

mute-stream@^1.0.0:
  version "1.0.0"
  resolved "https://registry.yarnpkg.com/mute-stream/-/mute-stream-1.0.0.tgz#e31bd9fe62f0aed23520aa4324ea6671531e013e"
  integrity sha512-avsJQhyd+680gKXyG/sQc0nXaC6rBkPOfyHYcFb9+hdkqQkR9bdnkJ0AMZhke0oesPqIO+mFFJ+IdBc7mst4IA==

node-fetch@^2.6.12:
  version "2.7.0"
  resolved "https://registry.yarnpkg.com/node-fetch/-/node-fetch-2.7.0.tgz#d0f0fa6e3e2dc1d27efcd8ad99d550bda94d187d"
  integrity sha512-c4FRfUm/dbcWZ7U+1Wq0AwCyFL+3nt2bEw05wfxSz+DWpWsitgmSgYmy2dQdWyKC1694ELPqMs/YzUSNozLt8A==
  dependencies:
    whatwg-url "^5.0.0"

node-gyp-build@^4.3.0:
  version "4.8.1"
  resolved "https://registry.yarnpkg.com/node-gyp-build/-/node-gyp-build-4.8.1.tgz#976d3ad905e71b76086f4f0b0d3637fe79b6cda5"
  integrity sha512-OSs33Z9yWr148JZcbZd5WiAXhh/n9z8TxQcdMhIOlpN9AhWpLfvVFO73+m77bBABQMaY9XSvIa+qk0jlI7Gcaw==

outvariant@^1.2.1, outvariant@^1.4.0, outvariant@^1.4.2:
  version "1.4.3"
  resolved "https://registry.yarnpkg.com/outvariant/-/outvariant-1.4.3.tgz#221c1bfc093e8fec7075497e7799fdbf43d14873"
  integrity sha512-+Sl2UErvtsoajRDKCE5/dBz4DIvHXQQnAxtQTF04OJxY0+DyZXSo5P5Bb7XYWOh81syohlYL24hbDwxedPUJCA==

path-to-regexp@^6.2.0:
  version "6.2.2"
  resolved "https://registry.yarnpkg.com/path-to-regexp/-/path-to-regexp-6.2.2.tgz#324377a83e5049cbecadc5554d6a63a9a4866b36"
  integrity sha512-GQX3SSMokngb36+whdpRXE+3f9V8UzyAorlYvOGx87ufGHehNTn5lCxrKtLyZ4Yl/wEKnNnr98ZzOwwDZV5ogw==

require-directory@^2.1.1:
  version "2.1.1"
  resolved "https://registry.yarnpkg.com/require-directory/-/require-directory-2.1.1.tgz#8c64ad5fd30dab1c976e2344ffe7f792a6a6df42"
  integrity sha512-fGxEI7+wsG9xrvdjsrlmL22OMTTiHRwAMroiEeMgq8gzoLC/PQr7RsRDSTLUg/bZAZtF+TVIkHc6/4RIKrui+Q==

semiver@^1.1.0:
  version "1.1.0"
  resolved "https://registry.yarnpkg.com/semiver/-/semiver-1.1.0.tgz#9c97fb02c21c7ce4fcf1b73e2c7a24324bdddd5f"
  integrity sha512-QNI2ChmuioGC1/xjyYwyZYADILWyW6AmS1UH6gDj/SFUUUS4MBAWs/7mxnkRPc/F4iHezDP+O8t0dO8WHiEOdg==

signal-exit@^4.1.0:
  version "4.1.0"
  resolved "https://registry.yarnpkg.com/signal-exit/-/signal-exit-4.1.0.tgz#952188c1cbd546070e2dd20d0f41c0ae0530cb04"
  integrity sha512-bzyZ1e88w9O1iNJbKnOlvYTrWPDl46O1bG0D3XInv+9tkPrxrN8jUUTiFlDkkmKWgn1M6CfIA13SuGqOa9Korw==

statuses@^2.0.1:
  version "2.0.1"
  resolved "https://registry.yarnpkg.com/statuses/-/statuses-2.0.1.tgz#55cb000ccf1d48728bd23c685a063998cf1a1b63"
  integrity sha512-RwNA9Z/7PrK06rYLIzFMlaF+l73iwpzsqRIFgbMLbTcLD6cOao82TaWefPXQvB2fOC4AjuYSEndS7N/mTCbkdQ==

strict-event-emitter@^0.5.1:
  version "0.5.1"
  resolved "https://registry.yarnpkg.com/strict-event-emitter/-/strict-event-emitter-0.5.1.tgz#1602ece81c51574ca39c6815e09f1a3e8550bd93"
  integrity sha512-vMgjE/GGEPEFnhFub6pa4FmJBRBVOLpIII2hvCZ8Kzb7K0hlHo7mQv6xYrBvCL2LtAIBwFUK8wvuJgTVSQ5MFQ==

string-width@^4.1.0, string-width@^4.2.0, string-width@^4.2.3:
  version "4.2.3"
  resolved "https://registry.yarnpkg.com/string-width/-/string-width-4.2.3.tgz#269c7117d27b05ad2e536830a8ec895ef9c6d010"
  integrity sha512-wKyQRQpjJ0sIp62ErSZdGsjMJWsap5oRNihHhu6G7JVO/9jIB6UyevL+tXuOqrng8j/cxKTWyWUwvSTriiZz/g==
  dependencies:
    emoji-regex "^8.0.0"
    is-fullwidth-code-point "^3.0.0"
    strip-ansi "^6.0.1"

strip-ansi@^6.0.0, strip-ansi@^6.0.1:
  version "6.0.1"
  resolved "https://registry.yarnpkg.com/strip-ansi/-/strip-ansi-6.0.1.tgz#9e26c63d30f53443e9489495b2105d37b67a85d9"
  integrity sha512-Y38VPSHcqkFrCpFnQ9vuSXmquuv5oXOKpGeT6aGrr3o3Gc9AlVa6JBfUSOCnbxGGZF+/0ooI7KrPuUSztUdU5A==
  dependencies:
    ansi-regex "^5.0.1"

supports-color@^7.1.0:
  version "7.2.0"
  resolved "https://registry.yarnpkg.com/supports-color/-/supports-color-7.2.0.tgz#1b7dcdcb32b8138801b3e478ba6a51caa89648da"
  integrity sha512-qpCAvRl9stuOHveKsn7HncJRvv501qIacKzQlO/+Lwxc9+0q2wLyv4Dfvt80/DPn2pqOBsJdDiogXGR9+OvwRw==
  dependencies:
    has-flag "^4.0.0"

textlinestream@^1.1.1:
  version "1.1.1"
  resolved "https://registry.yarnpkg.com/textlinestream/-/textlinestream-1.1.1.tgz#00677266d1dc70b28544adca8806134a3457f0bd"
  integrity sha512-iBHbi7BQxrFmwZUQJsT0SjNzlLLsXhvW/kg7EyOMVMBIrlnj/qYofwo1LVLZi+3GbUEo96Iu2eqToI2+lZoAEQ==

tr46@~0.0.3:
  version "0.0.3"
  resolved "https://registry.yarnpkg.com/tr46/-/tr46-0.0.3.tgz#8184fd347dac9cdc185992f3a6622e14b9d9ab6a"
  integrity sha512-N3WMsuqV66lT30CrXNbEjx4GEwlow3v6rr4mCcv6prnfwhS01rkgyFdjPNBYd9br7LpXV1+Emh01fHnq2Gdgrw==

type-fest@^0.21.3:
  version "0.21.3"
  resolved "https://registry.yarnpkg.com/type-fest/-/type-fest-0.21.3.tgz#d260a24b0198436e133fa26a524a6d65fa3b2e37"
  integrity sha512-t0rzBq87m3fVcduHDUFhKmyyX+9eo6WQjZvf51Ea/M0Q7+T374Jp1aUiyUl0GKxp8M/OETVHSDvmkyPgvX+X2w==

type-fest@^4.9.0:
  version "4.22.1"
  resolved "https://registry.yarnpkg.com/type-fest/-/type-fest-4.22.1.tgz#cc493ba0c1fb7faecb80d13a70525a75afd9d8d6"
  integrity sha512-9tHNEa0Ov81YOopiVkcCJVz5TM6AEQ+CHHjFIktqPnE3NV0AHIkx+gh9tiCl58m/66wWxkOC9eltpa75J4lQPA==

typescript@^5.0.0:
  version "5.5.3"
  resolved "https://registry.yarnpkg.com/typescript/-/typescript-5.5.3.tgz#e1b0a3c394190838a0b168e771b0ad56a0af0faa"
  integrity sha512-/hreyEujaB0w76zKo6717l3L0o/qEUtRgdvUBvlkhoWeOVMjMuHNHk0BRBzikzuGDqNmPQbg5ifMEqsHLiIUcQ==

undici-types@~5.26.4:
  version "5.26.5"
  resolved "https://registry.yarnpkg.com/undici-types/-/undici-types-5.26.5.tgz#bcd539893d00b56e964fd2657a4866b221a65617"
  integrity sha512-JlCMO+ehdEIKqlFxk6IfVoAUVmgz7cU7zD/h9XZ0qzeosSHmUJVOzSQvvYSYWXkFXC+IfLKSIffhv0sVZup6pA==

webidl-conversions@^3.0.0:
  version "3.0.1"
  resolved "https://registry.yarnpkg.com/webidl-conversions/-/webidl-conversions-3.0.1.tgz#24534275e2a7bc6be7bc86611cc16ae0a5654871"
  integrity sha512-2JAn3z8AR6rjK8Sm8orRC0h/bcl/DqL7tRPdGZ4I1CjdF+EaMLmYxBHyXuKL849eucPFhvBoxMsflfOb8kxaeQ==

whatwg-url@^5.0.0:
  version "5.0.0"
  resolved "https://registry.yarnpkg.com/whatwg-url/-/whatwg-url-5.0.0.tgz#966454e8765462e37644d3626f6742ce8b70965d"
  integrity sha512-saE57nupxk6v3HY35+jzBwYa0rKSy0XR8JSxZPwgLr7ys0IBzhGviA1/TUGJLmSVqs8pb9AnvICXEuOHLprYTw==
  dependencies:
    tr46 "~0.0.3"
    webidl-conversions "^3.0.0"

wrap-ansi@^6.2.0:
  version "6.2.0"
  resolved "https://registry.yarnpkg.com/wrap-ansi/-/wrap-ansi-6.2.0.tgz#e9393ba07102e6c91a3b221478f0257cd2856e53"
  integrity sha512-r6lPcBGxZXlIcymEu7InxDMhdW0KDxpLgoFLcguasxCaJ/SOIZwINatK9KY/tf+ZrlywOKU0UDj3ATXUBfxJXA==
  dependencies:
    ansi-styles "^4.0.0"
    string-width "^4.1.0"
    strip-ansi "^6.0.0"

wrap-ansi@^7.0.0:
  version "7.0.0"
  resolved "https://registry.yarnpkg.com/wrap-ansi/-/wrap-ansi-7.0.0.tgz#67e145cff510a6a6984bdf1152911d69d2eb9e43"
  integrity sha512-YVGIj2kamLSTxw6NsZjoBxfSwsn0ycdesmc4p+Q21c5zPuZ1pl+NfxVdxPtdHvmNVOQ6XSYG4AUtyt/Fi7D16Q==
  dependencies:
    ansi-styles "^4.0.0"
    string-width "^4.1.0"
    strip-ansi "^6.0.0"

ws@^8.13.0:
  version "8.18.0"
  resolved "https://registry.yarnpkg.com/ws/-/ws-8.18.0.tgz#0d7505a6eafe2b0e712d232b42279f53bc289bbc"
  integrity sha512-8VbfWfHLbbwu3+N6OKsOMpBdT4kXPDDB9cJk2bJ6mh9ucxdlnNvH1e+roYkKmN9Nxw2yjz7VzeO9oOz2zJ04Pw==

y18n@^5.0.5:
  version "5.0.8"
  resolved "https://registry.yarnpkg.com/y18n/-/y18n-5.0.8.tgz#7f4934d0f7ca8c56f95314939ddcd2dd91ce1d55"
  integrity sha512-0pfFzegeDWJHJIAmTLRP2DwHjdF5s7jo9tuztdQxAhINCdvS+3nGINqPd00AphqJR/0LhANUS6/+7SCb98YOfA==

yargs-parser@^21.1.1:
  version "21.1.1"
  resolved "https://registry.yarnpkg.com/yargs-parser/-/yargs-parser-21.1.1.tgz#9096bceebf990d21bb31fa9516e0ede294a77d35"
  integrity sha512-tVpsJW7DdjecAiFpbIB1e3qxIQsE6NoPc5/eTdrbbIC4h0LVsWhnoa3g+m2HclBIujHzsxZ4VJVA+GUuc2/LBw==

yargs@^17.7.2:
  version "17.7.2"
  resolved "https://registry.yarnpkg.com/yargs/-/yargs-17.7.2.tgz#991df39aca675a192b816e1e0363f9d75d2aa269"
  integrity sha512-7dSzzRQ++CKnNI/krKnYRV7JKKPUXMEh61soaHKg9mrWEhzFWhFnxPxGl+69cD1Ou63C13NUPCnmIcrvqCuM6w==
  dependencies:
    cliui "^8.0.1"
    escalade "^3.1.1"
    get-caller-file "^2.0.5"
    require-directory "^2.1.1"
    string-width "^4.2.3"
    y18n "^5.0.5"
    yargs-parser "^21.1.1"

yoctocolors-cjs@^2.1.2:
  version "2.1.2"
  resolved "https://registry.yarnpkg.com/yoctocolors-cjs/-/yoctocolors-cjs-2.1.2.tgz#f4b905a840a37506813a7acaa28febe97767a242"
  integrity sha512-cYVsTjKl8b+FrnidjibDWskAv7UKOfcwaVZdp/it9n1s9fU3IkgDbhdIRKCW4JDsAlECJY0ytoVPT3sK6kideA==

zod@^3.22.4:
  version "3.23.8"
  resolved "https://registry.yarnpkg.com/zod/-/zod-3.23.8.tgz#e37b957b5d52079769fb8097099b592f0ef4067d"
  integrity sha512-XBx9AXhXktjUqnepgTiE5flcKIYWi/rme0Eaj+5Y0lftuGBq+jyRu/md4WnuxqgP1ubdpNCsYEYPxrzVHD8d6g==
