{
  "../fee-hook/lib/hats-protocol": {
    "rev": "cccb71a061cdb9095af7d11dfdb47026993d8c4e"
  },
  "../fee-hook/lib/layerzero-v2": {
    "rev": "88428755be6caa71cb1d2926141d73c8989296b5"
  },
  "../fee-hook/lib/permit2": {
    "rev": "cc56ad0f3439c502c246fc5cfcc3db92bb8b7219"
  },
  "../xp/lib/forge-std": {
    "rev": "8bbcf6e3f8f62f419e5429a0bd89331c85c37824"
  },
  "../xp/lib/openzeppelin-contracts": {
    "rev": "04e683b550b496bfbf471ed960b7feed25b47669"
  },
  "lib/evm-tableland": {
    "rev": "dc35d2a087e6e5a0dce320db2a620421f86eb04f"
  },
  "lib/forge-std": {
    "rev": "5a802d7c10abb4bbfb3e7214c75052ef9e6a06f8"
  },
  "lib/hats-module": {
    "rev": "e83bd72cb3eebdbeadabcb63e3c6f69ab61a5562"
  },
  "lib/hats-protocol": {
    "rev": "b4cdfbd964226d342afb1b0c8ebd92e0055f5b60"
  },
  "lib/permit2": {
    "rev": "cc56ad0f3439c502c246fc5cfcc3db92bb8b7219"
  },
  "lib/solady": {
    "rev": "cc312d3e854fdccd748fc52dac0c78b257177a80"
  }
}